
Microsoft Visual Studio Solution File, Format Version 12.00
# Visual Studio Version 17
VisualStudioVersion = 17.2.32630.192
MinimumVisualStudioVersion = 10.0.40219.1
Project("{FAE04EC0-301F-11D3-BF4B-00C04F79EFBC}") = "ChamadaAlunos", "ChamadaAlunos\ChamadaAlunos.csproj", "{22120D88-8E51-4B1F-B26B-4D1611E54A46}"
EndProject
Global
	GlobalSection(SolutionConfigurationPlatforms) = preSolution
		Debug|Any CPU = Debug|Any CPU
		Release|Any CPU = Release|Any CPU
	EndGlobalSection
	GlobalSection(ProjectConfigurationPlatforms) = postSolution
		{22120D88-8E51-4B1F-B26B-4D1611E54A46}.Debug|Any CPU.ActiveCfg = Debug|Any CPU
		{22120D88-8E51-4B1F-B26B-4D1611E54A46}.Debug|Any CPU.Build.0 = Debug|Any CPU
		{22120D88-8E51-4B1F-B26B-4D1611E54A46}.Release|Any CPU.ActiveCfg = Release|Any CPU
		{22120D88-8E51-4B1F-B26B-4D1611E54A46}.Release|Any CPU.Build.0 = Release|Any CPU
	EndGlobalSection
	GlobalSection(SolutionProperties) = preSolution
		HideSolutionNode = FALSE
	EndGlobalSection
	GlobalSection(ExtensibilityGlobals) = postSolution
		SolutionGuid = {898ED2CE-B8D7-4C41-91C6-F3EC7BB19B94}
	EndGlobalSection
EndGlobal
